
Microsoft Visual Studio Solution File, Format Version 12.00
# Visual Studio Version 16
VisualStudioVersion = 16.0.30320.27
MinimumVisualStudioVersion = 10.0.40219.1
Project("{9A19103F-16F7-4668-BE54-9A1E7A4F7556}") = "NetCore.BackgroundWorkerPrototype.WebApplication", "NetCore.BackgroundWorkerPrototype.WebApplication\NetCore.BackgroundWorkerPrototype.WebApplication.csproj", "{FE439792-8B0B-4A17-B0E5-ED070D9BAD88}"
EndProject
Project("{9A19103F-16F7-4668-BE54-9A1E7A4F7556}") = "NetCore.BackgroundWorkerPrototype.WorkerService", "NetCore.BackgroundWorkerPrototype.WorkerService\NetCore.BackgroundWorkerPrototype.WorkerService.csproj", "{66C3313B-83B7-4DAE-9835-784FA42CAF8D}"
EndProject
Global
	GlobalSection(SolutionConfigurationPlatforms) = preSolution
		Debug|Any CPU = Debug|Any CPU
		Release|Any CPU = Release|Any CPU
	EndGlobalSection
	GlobalSection(ProjectConfigurationPlatforms) = postSolution
		{FE439792-8B0B-4A17-B0E5-ED070D9BAD88}.Debug|Any CPU.ActiveCfg = Debug|Any CPU
		{FE439792-8B0B-4A17-B0E5-ED070D9BAD88}.Debug|Any CPU.Build.0 = Debug|Any CPU
		{FE439792-8B0B-4A17-B0E5-ED070D9BAD88}.Release|Any CPU.ActiveCfg = Release|Any CPU
		{FE439792-8B0B-4A17-B0E5-ED070D9BAD88}.Release|Any CPU.Build.0 = Release|Any CPU
		{66C3313B-83B7-4DAE-9835-784FA42CAF8D}.Debug|Any CPU.ActiveCfg = Debug|Any CPU
		{66C3313B-83B7-4DAE-9835-784FA42CAF8D}.Debug|Any CPU.Build.0 = Debug|Any CPU
		{66C3313B-83B7-4DAE-9835-784FA42CAF8D}.Release|Any CPU.ActiveCfg = Release|Any CPU
		{66C3313B-83B7-4DAE-9835-784FA42CAF8D}.Release|Any CPU.Build.0 = Release|Any CPU
	EndGlobalSection
	GlobalSection(SolutionProperties) = preSolution
		HideSolutionNode = FALSE
	EndGlobalSection
	GlobalSection(ExtensibilityGlobals) = postSolution
		SolutionGuid = {94053725-6AE7-48C0-A038-FB10F24D64E9}
	EndGlobalSection
EndGlobal
